
Microsoft Visual Studio Solution File, Format Version 12.00
# Visual Studio Version 17
VisualStudioVersion = 17.9.34616.47
MinimumVisualStudioVersion = 10.0.40219.1
Project("{FAE04EC0-301F-11D3-BF4B-00C04F79EFBC}") = "Harmony(Music Player)", "Harmony(Music Player)\Harmony(Music Player).csproj", "{03848AB4-EF61-46FE-A228-4EBB907AEF67}"
EndProject
Global
	GlobalSection(SolutionConfigurationPlatforms) = preSolution
		Debug|Any CPU = Debug|Any CPU
		Release|Any CPU = Release|Any CPU
	EndGlobalSection
	GlobalSection(ProjectConfigurationPlatforms) = postSolution
		{03848AB4-EF61-46FE-A228-4EBB907AEF67}.Debug|Any CPU.ActiveCfg = Debug|Any CPU
		{03848AB4-EF61-46FE-A228-4EBB907AEF67}.Debug|Any CPU.Build.0 = Debug|Any CPU
		{03848AB4-EF61-46FE-A228-4EBB907AEF67}.Release|Any CPU.ActiveCfg = Release|Any CPU
		{03848AB4-EF61-46FE-A228-4EBB907AEF67}.Release|Any CPU.Build.0 = Release|Any CPU
	EndGlobalSection
	GlobalSection(SolutionProperties) = preSolution
		HideSolutionNode = FALSE
	EndGlobalSection
	GlobalSection(ExtensibilityGlobals) = postSolution
		SolutionGuid = {7C99E69B-7E90-4BF4-93F2-83B128D48E66}
	EndGlobalSection
EndGlobal
